
Microsoft Visual Studio Solution File, Format Version 12.00
# Visual Studio Version 17
VisualStudioVersion = 17.2.32526.322
MinimumVisualStudioVersion = 10.0.40219.1
Project("{FAE04EC0-301F-11D3-BF4B-00C04F79EFBC}") = "exception handling", "exception handling.csproj", "{9EAE0EF3-D4A6-435C-B29D-F89E3E84EEA0}"
EndProject
Global
	GlobalSection(SolutionConfigurationPlatforms) = preSolution
		Debug|Any CPU = Debug|Any CPU
		Release|Any CPU = Release|Any CPU
	EndGlobalSection
	GlobalSection(ProjectConfigurationPlatforms) = postSolution
		{9EAE0EF3-D4A6-435C-B29D-F89E3E84EEA0}.Debug|Any CPU.ActiveCfg = Debug|Any CPU
		{9EAE0EF3-D4A6-435C-B29D-F89E3E84EEA0}.Debug|Any CPU.Build.0 = Debug|Any CPU
		{9EAE0EF3-D4A6-435C-B29D-F89E3E84EEA0}.Release|Any CPU.ActiveCfg = Release|Any CPU
		{9EAE0EF3-D4A6-435C-B29D-F89E3E84EEA0}.Release|Any CPU.Build.0 = Release|Any CPU
	EndGlobalSection
	GlobalSection(SolutionProperties) = preSolution
		HideSolutionNode = FALSE
	EndGlobalSection
	GlobalSection(ExtensibilityGlobals) = postSolution
		SolutionGuid = {2E2D957D-9B45-4A2E-ABCB-18F98A6362F6}
	EndGlobalSection
EndGlobal
